
Microsoft Visual Studio Solution File, Format Version 12.00
# Visual Studio Version 17
VisualStudioVersion = 17.5.002.0
MinimumVisualStudioVersion = 10.0.40219.1
Project("{2150E333-8FDC-42A3-9474-1A3956D46DE8}") = "csharp-prep", "csharp-prep", "{F1F1628A-63A8-49BC-9F1A-8F40E62A6B2E}"
EndProject
Project("{9A19103F-16F7-4668-BE54-9A1E7A4F7556}") = "Prep1", "csharp-prep\Prep1\Prep1.csproj", "{85AE9DCD-2C8C-4B05-86E6-7AAB86C5CC15}"
EndProject
Project("{9A19103F-16F7-4668-BE54-9A1E7A4F7556}") = "Prep2", "csharp-prep\Prep2\Prep2.csproj", "{B9E222FB-DBBF-492B-A3E9-BD6656DCFEFC}"
EndProject
Project("{9A19103F-16F7-4668-BE54-9A1E7A4F7556}") = "Prep3", "csharp-prep\Prep3\Prep3.csproj", "{4C0E01EF-F21C-4954-8DE9-ED700654A13E}"
EndProject
Project("{9A19103F-16F7-4668-BE54-9A1E7A4F7556}") = "Prep4", "csharp-prep\Prep4\Prep4.csproj", "{9B9B0079-D26C-4DFB-8365-7DB7E72DEA26}"
EndProject
Project("{9A19103F-16F7-4668-BE54-9A1E7A4F7556}") = "Prep5", "csharp-prep\Prep5\Prep5.csproj", "{FE856CE7-50E1-46AB-8C50-4B9370BAE96C}"
EndProject
Project("{2150E333-8FDC-42A3-9474-1A3956D46DE8}") = "final", "final", "{70030EC5-5D11-4CA7-83C0-58714AC427A6}"
EndProject
Project("{9A19103F-16F7-4668-BE54-9A1E7A4F7556}") = "FinalProject", "final\FinalProject\FinalProject.csproj", "{6B3B328B-748C-466F-8AA3-EEF764CB37D0}"
EndProject
Project("{9A19103F-16F7-4668-BE54-9A1E7A4F7556}") = "Foundation1", "final\Foundation1\Foundation1.csproj", "{C984B164-D0AC-4528-BA28-4733B625A10A}"
EndProject
Project("{9A19103F-16F7-4668-BE54-9A1E7A4F7556}") = "Foundation2", "final\Foundation2\Foundation2.csproj", "{E442CF64-997C-4706-8EF9-2DF8479CF432}"
EndProject
Project("{9A19103F-16F7-4668-BE54-9A1E7A4F7556}") = "Foundation3", "final\Foundation3\Foundation3.csproj", "{FD650463-109E-4E47-AB4E-96B0690865B4}"
EndProject
Project("{9A19103F-16F7-4668-BE54-9A1E7A4F7556}") = "Foundation4", "final\Foundation4\Foundation4.csproj", "{9FD0D594-E08B-4809-BD20-4AF2513F4BF8}"
EndProject
Project("{2150E333-8FDC-42A3-9474-1A3956D46DE8}") = "prepare", "prepare", "{AA52B9B9-1B4D-459D-B130-402D94AA1EAD}"
EndProject
Project("{9A19103F-16F7-4668-BE54-9A1E7A4F7556}") = "Learning02", "prepare\Learning02\Learning02.csproj", "{AE4E7EC7-39D6-4A8E-937F-496ABF6067BE}"
EndProject
Project("{9A19103F-16F7-4668-BE54-9A1E7A4F7556}") = "Learning03", "prepare\Learning03\Learning03.csproj", "{2C6ED17D-3D0C-4C5B-A999-641CC7698FD9}"
EndProject
Project("{9A19103F-16F7-4668-BE54-9A1E7A4F7556}") = "Learning04", "prepare\Learning04\Learning04.csproj", "{D2E5B039-2C12-43EC-8096-9493B53126A7}"
EndProject
Project("{9A19103F-16F7-4668-BE54-9A1E7A4F7556}") = "Learning05", "prepare\Learning05\Learning05.csproj", "{2293B2CF-285C-4858-8D0C-BACDDC4530D1}"
EndProject
Project("{2150E333-8FDC-42A3-9474-1A3956D46DE8}") = "prove", "prove", "{374EA1AB-56AB-4AB0-96FF-4BDE154C4F24}"
EndProject
Project("{9A19103F-16F7-4668-BE54-9A1E7A4F7556}") = "Develop02", "prove\Develop02\Develop02.csproj", "{1C9CC155-BEF1-4342-B2D2-09CAAC2B440C}"
EndProject
Project("{9A19103F-16F7-4668-BE54-9A1E7A4F7556}") = "Develop03", "prove\Develop03\Develop03.csproj", "{5532D097-9F9A-40BC-AFF1-15189D6C8A37}"
EndProject
Project("{9A19103F-16F7-4668-BE54-9A1E7A4F7556}") = "Develop04", "prove\Develop04\Develop04.csproj", "{4AC11465-13D6-4894-9B16-7E46FA6AF381}"
EndProject
Project("{9A19103F-16F7-4668-BE54-9A1E7A4F7556}") = "Develop05", "prove\Develop05\Develop05.csproj", "{63C36881-0EFE-4883-BF9C-48DD20535DAA}"
EndProject
Project("{2150E333-8FDC-42A3-9474-1A3956D46DE8}") = "sandbox", "sandbox", "{E6FE1567-85E8-4383-957A-AA1922569B8A}"
EndProject
Project("{9A19103F-16F7-4668-BE54-9A1E7A4F7556}") = "Sandbox", "sandbox\Sandbox\Sandbox.csproj", "{0A8EA606-C716-4960-9ED2-1D6F71284875}"
EndProject
Global
	GlobalSection(SolutionConfigurationPlatforms) = preSolution
		Debug|Any CPU = Debug|Any CPU
		Release|Any CPU = Release|Any CPU
	EndGlobalSection
	GlobalSection(ProjectConfigurationPlatforms) = postSolution
		{85AE9DCD-2C8C-4B05-86E6-7AAB86C5CC15}.Debug|Any CPU.ActiveCfg = Debug|Any CPU
		{85AE9DCD-2C8C-4B05-86E6-7AAB86C5CC15}.Debug|Any CPU.Build.0 = Debug|Any CPU
		{85AE9DCD-2C8C-4B05-86E6-7AAB86C5CC15}.Release|Any CPU.ActiveCfg = Release|Any CPU
		{85AE9DCD-2C8C-4B05-86E6-7AAB86C5CC15}.Release|Any CPU.Build.0 = Release|Any CPU
		{B9E222FB-DBBF-492B-A3E9-BD6656DCFEFC}.Debug|Any CPU.ActiveCfg = Debug|Any CPU
		{B9E222FB-DBBF-492B-A3E9-BD6656DCFEFC}.Debug|Any CPU.Build.0 = Debug|Any CPU
		{B9E222FB-DBBF-492B-A3E9-BD6656DCFEFC}.Release|Any CPU.ActiveCfg = Release|Any CPU
		{B9E222FB-DBBF-492B-A3E9-BD6656DCFEFC}.Release|Any CPU.Build.0 = Release|Any CPU
		{4C0E01EF-F21C-4954-8DE9-ED700654A13E}.Debug|Any CPU.ActiveCfg = Debug|Any CPU
		{4C0E01EF-F21C-4954-8DE9-ED700654A13E}.Debug|Any CPU.Build.0 = Debug|Any CPU
		{4C0E01EF-F21C-4954-8DE9-ED700654A13E}.Release|Any CPU.ActiveCfg = Release|Any CPU
		{4C0E01EF-F21C-4954-8DE9-ED700654A13E}.Release|Any CPU.Build.0 = Release|Any CPU
		{9B9B0079-D26C-4DFB-8365-7DB7E72DEA26}.Debug|Any CPU.ActiveCfg = Debug|Any CPU
		{9B9B0079-D26C-4DFB-8365-7DB7E72DEA26}.Debug|Any CPU.Build.0 = Debug|Any CPU
		{9B9B0079-D26C-4DFB-8365-7DB7E72DEA26}.Release|Any CPU.ActiveCfg = Release|Any CPU
		{9B9B0079-D26C-4DFB-8365-7DB7E72DEA26}.Release|Any CPU.Build.0 = Release|Any CPU
		{FE856CE7-50E1-46AB-8C50-4B9370BAE96C}.Debug|Any CPU.ActiveCfg = Debug|Any CPU
		{FE856CE7-50E1-46AB-8C50-4B9370BAE96C}.Debug|Any CPU.Build.0 = Debug|Any CPU
		{FE856CE7-50E1-46AB-8C50-4B9370BAE96C}.Release|Any CPU.ActiveCfg = Release|Any CPU
		{FE856CE7-50E1-46AB-8C50-4B9370BAE96C}.Release|Any CPU.Build.0 = Release|Any CPU
		{6B3B328B-748C-466F-8AA3-EEF764CB37D0}.Debug|Any CPU.ActiveCfg = Debug|Any CPU
		{6B3B328B-748C-466F-8AA3-EEF764CB37D0}.Debug|Any CPU.Build.0 = Debug|Any CPU
		{6B3B328B-748C-466F-8AA3-EEF764CB37D0}.Release|Any CPU.ActiveCfg = Release|Any CPU
		{6B3B328B-748C-466F-8AA3-EEF764CB37D0}.Release|Any CPU.Build.0 = Release|Any CPU
		{C984B164-D0AC-4528-BA28-4733B625A10A}.Debug|Any CPU.ActiveCfg = Debug|Any CPU
		{C984B164-D0AC-4528-BA28-4733B625A10A}.Debug|Any CPU.Build.0 = Debug|Any CPU
		{C984B164-D0AC-4528-BA28-4733B625A10A}.Release|Any CPU.ActiveCfg = Release|Any CPU
		{C984B164-D0AC-4528-BA28-4733B625A10A}.Release|Any CPU.Build.0 = Release|Any CPU
		{E442CF64-997C-4706-8EF9-2DF8479CF432}.Debug|Any CPU.ActiveCfg = Debug|Any CPU
		{E442CF64-997C-4706-8EF9-2DF8479CF432}.Debug|Any CPU.Build.0 = Debug|Any CPU
		{E442CF64-997C-4706-8EF9-2DF8479CF432}.Release|Any CPU.ActiveCfg = Release|Any CPU
		{E442CF64-997C-4706-8EF9-2DF8479CF432}.Release|Any CPU.Build.0 = Release|Any CPU
		{FD650463-109E-4E47-AB4E-96B0690865B4}.Debug|Any CPU.ActiveCfg = Debug|Any CPU
		{FD650463-109E-4E47-AB4E-96B0690865B4}.Debug|Any CPU.Build.0 = Debug|Any CPU
		{FD650463-109E-4E47-AB4E-96B0690865B4}.Release|Any CPU.ActiveCfg = Release|Any CPU
		{FD650463-109E-4E47-AB4E-96B0690865B4}.Release|Any CPU.Build.0 = Release|Any CPU
		{9FD0D594-E08B-4809-BD20-4AF2513F4BF8}.Debug|Any CPU.ActiveCfg = Debug|Any CPU
		{9FD0D594-E08B-4809-BD20-4AF2513F4BF8}.Debug|Any CPU.Build.0 = Debug|Any CPU
		{9FD0D594-E08B-4809-BD20-4AF2513F4BF8}.Release|Any CPU.ActiveCfg = Release|Any CPU
		{9FD0D594-E08B-4809-BD20-4AF2513F4BF8}.Release|Any CPU.Build.0 = Release|Any CPU
		{AE4E7EC7-39D6-4A8E-937F-496ABF6067BE}.Debug|Any CPU.ActiveCfg = Debug|Any CPU
		{AE4E7EC7-39D6-4A8E-937F-496ABF6067BE}.Debug|Any CPU.Build.0 = Debug|Any CPU
		{AE4E7EC7-39D6-4A8E-937F-496ABF6067BE}.Release|Any CPU.ActiveCfg = Release|Any CPU
		{AE4E7EC7-39D6-4A8E-937F-496ABF6067BE}.Release|Any CPU.Build.0 = Release|Any CPU
		{2C6ED17D-3D0C-4C5B-A999-641CC7698FD9}.Debug|Any CPU.ActiveCfg = Debug|Any CPU
		{2C6ED17D-3D0C-4C5B-A999-641CC7698FD9}.Debug|Any CPU.Build.0 = Debug|Any CPU
		{2C6ED17D-3D0C-4C5B-A999-641CC7698FD9}.Release|Any CPU.ActiveCfg = Release|Any CPU
		{2C6ED17D-3D0C-4C5B-A999-641CC7698FD9}.Release|Any CPU.Build.0 = Release|Any CPU
		{D2E5B039-2C12-43EC-8096-9493B53126A7}.Debug|Any CPU.ActiveCfg = Debug|Any CPU
		{D2E5B039-2C12-43EC-8096-9493B53126A7}.Debug|Any CPU.Build.0 = Debug|Any CPU
		{D2E5B039-2C12-43EC-8096-9493B53126A7}.Release|Any CPU.ActiveCfg = Release|Any CPU
		{D2E5B039-2C12-43EC-8096-9493B53126A7}.Release|Any CPU.Build.0 = Release|Any CPU
		{2293B2CF-285C-4858-8D0C-BACDDC4530D1}.Debug|Any CPU.ActiveCfg = Debug|Any CPU
		{2293B2CF-285C-4858-8D0C-BACDDC4530D1}.Debug|Any CPU.Build.0 = Debug|Any CPU
		{2293B2CF-285C-4858-8D0C-BACDDC4530D1}.Release|Any CPU.ActiveCfg = Release|Any CPU
		{2293B2CF-285C-4858-8D0C-BACDDC4530D1}.Release|Any CPU.Build.0 = Release|Any CPU
		{1C9CC155-BEF1-4342-B2D2-09CAAC2B440C}.Debug|Any CPU.ActiveCfg = Debug|Any CPU
		{1C9CC155-BEF1-4342-B2D2-09CAAC2B440C}.Debug|Any CPU.Build.0 = Debug|Any CPU
		{1C9CC155-BEF1-4342-B2D2-09CAAC2B440C}.Release|Any CPU.ActiveCfg = Release|Any CPU
		{1C9CC155-BEF1-4342-B2D2-09CAAC2B440C}.Release|Any CPU.Build.0 = Release|Any CPU
		{5532D097-9F9A-40BC-AFF1-15189D6C8A37}.Debug|Any CPU.ActiveCfg = Debug|Any CPU
		{5532D097-9F9A-40BC-AFF1-15189D6C8A37}.Debug|Any CPU.Build.0 = Debug|Any CPU
		{5532D097-9F9A-40BC-AFF1-15189D6C8A37}.Release|Any CPU.ActiveCfg = Release|Any CPU
		{5532D097-9F9A-40BC-AFF1-15189D6C8A37}.Release|Any CPU.Build.0 = Release|Any CPU
		{4AC11465-13D6-4894-9B16-7E46FA6AF381}.Debug|Any CPU.ActiveCfg = Debug|Any CPU
		{4AC11465-13D6-4894-9B16-7E46FA6AF381}.Debug|Any CPU.Build.0 = Debug|Any CPU
		{4AC11465-13D6-4894-9B16-7E46FA6AF381}.Release|Any CPU.ActiveCfg = Release|Any CPU
		{4AC11465-13D6-4894-9B16-7E46FA6AF381}.Release|Any CPU.Build.0 = Release|Any CPU
		{63C36881-0EFE-4883-BF9C-48DD20535DAA}.Debug|Any CPU.ActiveCfg = Debug|Any CPU
		{63C36881-0EFE-4883-BF9C-48DD20535DAA}.Debug|Any CPU.Build.0 = Debug|Any CPU
		{63C36881-0EFE-4883-BF9C-48DD20535DAA}.Release|Any CPU.ActiveCfg = Release|Any CPU
		{63C36881-0EFE-4883-BF9C-48DD20535DAA}.Release|Any CPU.Build.0 = Release|Any CPU
		{0A8EA606-C716-4960-9ED2-1D6F71284875}.Debug|Any CPU.ActiveCfg = Debug|Any CPU
		{0A8EA606-C716-4960-9ED2-1D6F71284875}.Debug|Any CPU.Build.0 = Debug|Any CPU
		{0A8EA606-C716-4960-9ED2-1D6F71284875}.Release|Any CPU.ActiveCfg = Release|Any CPU
		{0A8EA606-C716-4960-9ED2-1D6F71284875}.Release|Any CPU.Build.0 = Release|Any CPU
	EndGlobalSection
	GlobalSection(SolutionProperties) = preSolution
		HideSolutionNode = FALSE
	EndGlobalSection
	GlobalSection(NestedProjects) = preSolution
		{85AE9DCD-2C8C-4B05-86E6-7AAB86C5CC15} = {F1F1628A-63A8-49BC-9F1A-8F40E62A6B2E}
		{B9E222FB-DBBF-492B-A3E9-BD6656DCFEFC} = {F1F1628A-63A8-49BC-9F1A-8F40E62A6B2E}
		{4C0E01EF-F21C-4954-8DE9-ED700654A13E} = {F1F1628A-63A8-49BC-9F1A-8F40E62A6B2E}
		{9B9B0079-D26C-4DFB-8365-7DB7E72DEA26} = {F1F1628A-63A8-49BC-9F1A-8F40E62A6B2E}
		{FE856CE7-50E1-46AB-8C50-4B9370BAE96C} = {F1F1628A-63A8-49BC-9F1A-8F40E62A6B2E}
		{6B3B328B-748C-466F-8AA3-EEF764CB37D0} = {70030EC5-5D11-4CA7-83C0-58714AC427A6}
		{C984B164-D0AC-4528-BA28-4733B625A10A} = {70030EC5-5D11-4CA7-83C0-58714AC427A6}
		{E442CF64-997C-4706-8EF9-2DF8479CF432} = {70030EC5-5D11-4CA7-83C0-58714AC427A6}
		{FD650463-109E-4E47-AB4E-96B0690865B4} = {70030EC5-5D11-4CA7-83C0-58714AC427A6}
		{9FD0D594-E08B-4809-BD20-4AF2513F4BF8} = {70030EC5-5D11-4CA7-83C0-58714AC427A6}
		{AE4E7EC7-39D6-4A8E-937F-496ABF6067BE} = {AA52B9B9-1B4D-459D-B130-402D94AA1EAD}
		{2C6ED17D-3D0C-4C5B-A999-641CC7698FD9} = {AA52B9B9-1B4D-459D-B130-402D94AA1EAD}
		{D2E5B039-2C12-43EC-8096-9493B53126A7} = {AA52B9B9-1B4D-459D-B130-402D94AA1EAD}
		{2293B2CF-285C-4858-8D0C-BACDDC4530D1} = {AA52B9B9-1B4D-459D-B130-402D94AA1EAD}
		{1C9CC155-BEF1-4342-B2D2-09CAAC2B440C} = {374EA1AB-56AB-4AB0-96FF-4BDE154C4F24}
		{5532D097-9F9A-40BC-AFF1-15189D6C8A37} = {374EA1AB-56AB-4AB0-96FF-4BDE154C4F24}
		{4AC11465-13D6-4894-9B16-7E46FA6AF381} = {374EA1AB-56AB-4AB0-96FF-4BDE154C4F24}
		{63C36881-0EFE-4883-BF9C-48DD20535DAA} = {374EA1AB-56AB-4AB0-96FF-4BDE154C4F24}
		{0A8EA606-C716-4960-9ED2-1D6F71284875} = {E6FE1567-85E8-4383-957A-AA1922569B8A}
	EndGlobalSection
	GlobalSection(ExtensibilityGlobals) = postSolution
		SolutionGuid = {939D0978-307A-4381-A164-D183EE10D690}
	EndGlobalSection
EndGlobal
